// !$*UTF8*$!
{
	archiveVersion = 1;
	classes = {
	};
	objectVersion = 50;
	objects = {

/* Begin PBXBuildFile section */
		5F2EEC5220E451260091CBC4 /* ArmazenamentoDados.swift in Sources */ = {isa = PBXBuildFile; fileRef = 5F2EEC5120E451260091CBC4 /* ArmazenamentoDados.swift */; };
		5F31FC31209E573D00B8CC65 /* AppDelegate.swift in Sources */ = {isa = PBXBuildFile; fileRef = 5F31FC30209E573D00B8CC65 /* AppDelegate.swift */; };
		5F31FC33209E573D00B8CC65 /* ViewController.swift in Sources */ = {isa = PBXBuildFile; fileRef = 5F31FC32209E573D00B8CC65 /* ViewController.swift */; };
		5F31FC36209E573D00B8CC65 /* Main.storyboard in Resources */ = {isa = PBXBuildFile; fileRef = 5F31FC34209E573D00B8CC65 /* Main.storyboard */; };
		5F31FC38209E573E00B8CC65 /* Assets.xcassets in Resources */ = {isa = PBXBuildFile; fileRef = 5F31FC37209E573E00B8CC65 /* Assets.xcassets */; };
		5F31FC3B209E573E00B8CC65 /* LaunchScreen.storyboard in Resources */ = {isa = PBXBuildFile; fileRef = 5F31FC39209E573E00B8CC65 /* LaunchScreen.storyboard */; };
		5F31FC43209E5C8700B8CC65 /* LocaisViagemViewController.swift in Sources */ = {isa = PBXBuildFile; fileRef = 5F31FC42209E5C8700B8CC65 /* LocaisViagemViewController.swift */; };
/* End PBXBuildFile section */

/* Begin PBXFileReference section */
		5F2EEC5120E451260091CBC4 /* ArmazenamentoDados.swift */ = {isa = PBXFileReference; lastKnownFileType = sourcecode.swift; path = ArmazenamentoDados.swift; sourceTree = "<group>"; };
		5F31FC2D209E573D00B8CC65 /* minhas viagens.app */ = {isa = PBXFileReference; explicitFileType = wrapper.application; includeInIndex = 0; path = "minhas viagens.app"; sourceTree = BUILT_PRODUCTS_DIR; };
		5F31FC30209E573D00B8CC65 /* AppDelegate.swift */ = {isa = PBXFileReference; lastKnownFileType = sourcecode.swift; path = AppDelegate.swift; sourceTree = "<group>"; };
		5F31FC32209E573D00B8CC65 /* ViewController.swift */ = {isa = PBXFileReference; lastKnownFileType = sourcecode.swift; path = ViewController.swift; sourceTree = "<group>"; };
		5F31FC35209E573D00B8CC65 /* Base */ = {isa = PBXFileReference; lastKnownFileType = file.storyboard; name = Base; path = Base.lproj/Main.storyboard; sourceTree = "<group>"; };
		5F31FC37209E573E00B8CC65 /* Assets.xcassets */ = {isa = PBXFileReference; lastKnownFileType = folder.assetcatalog; path = Assets.xcassets; sourceTree = "<group>"; };
		5F31FC3A209E573E00B8CC65 /* Base */ = {isa = PBXFileReference; lastKnownFileType = file.storyboard; name = Base; path = Base.lproj/LaunchScreen.storyboard; sourceTree = "<group>"; };
		5F31FC3C209E573E00B8CC65 /* Info.plist */ = {isa = PBXFileReference; lastKnownFileType = text.plist.xml; path = Info.plist; sourceTree = "<group>"; };
		5F31FC42209E5C8700B8CC65 /* LocaisViagemViewController.swift */ = {isa = PBXFileReference; lastKnownFileType = sourcecode.swift; path = LocaisViagemViewController.swift; sourceTree = "<group>"; };
/* End PBXFileReference section */

/* Begin PBXFrameworksBuildPhase section */
		5F31FC2A209E573D00B8CC65 /* Frameworks */ = {
			isa = PBXFrameworksBuildPhase;
			buildActionMask = 2147483647;
			files = (
			);
			runOnlyForDeploymentPostprocessing = 0;
		};
/* End PBXFrameworksBuildPhase section */

/* Begin PBXGroup section */
		5F31FC24209E573D00B8CC65 = {
			isa = PBXGroup;
			children = (
				5F31FC2F209E573D00B8CC65 /* minhas viagens */,
				5F31FC2E209E573D00B8CC65 /* Products */,
			);
			sourceTree = "<group>";
		};
		5F31FC2E209E573D00B8CC65 /* Products */ = {
			isa = PBXGroup;
			children = (
				5F31FC2D209E573D00B8CC65 /* minhas viagens.app */,
			);
			name = Products;
			sourceTree = "<group>";
		};
		5F31FC2F209E573D00B8CC65 /* minhas viagens */ = {
			isa = PBXGroup;
			children = (
				5F31FC30209E573D00B8CC65 /* AppDelegate.swift */,
				5F31FC42209E5C8700B8CC65 /* LocaisViagemViewController.swift */,
				5F2EEC5120E451260091CBC4 /* ArmazenamentoDados.swift */,
				5F31FC32209E573D00B8CC65 /* ViewController.swift */,
				5F31FC34209E573D00B8CC65 /* Main.storyboard */,
				5F31FC37209E573E00B8CC65 /* Assets.xcassets */,
				5F31FC39209E573E00B8CC65 /* LaunchScreen.storyboard */,
				5F31FC3C209E573E00B8CC65 /* Info.plist */,
			);
			path = "minhas viagens";
			sourceTree = "<group>";
		};
/* End PBXGroup section */

/* Begin PBXNativeTarget section */
		5F31FC2C209E573D00B8CC65 /* minhas viagens */ = {
			isa = PBXNativeTarget;
			buildConfigurationList = 5F31FC3F209E573E00B8CC65 /* Build configuration list for PBXNativeTarget "minhas viagens" */;
			buildPhases = (
				5F31FC29209E573D00B8CC65 /* Sources */,
				5F31FC2A209E573D00B8CC65 /* Frameworks */,
				5F31FC2B209E573D00B8CC65 /* Resources */,
			);
			buildRules = (
			);
			dependencies = (
			);
			name = "minhas viagens";
			productName = "minhas viagens";
			productReference = 5F31FC2D209E573D00B8CC65 /* minhas viagens.app */;
			productType = "com.apple.product-type.application";
		};
/* End PBXNativeTarget section */

/* Begin PBXProject section */
		5F31FC25209E573D00B8CC65 /* Project object */ = {
			isa = PBXProject;
			attributes = {
				LastSwiftUpdateCheck = 0930;
				LastUpgradeCheck = 0930;
				ORGANIZATIONNAME = Hicharles;
				TargetAttributes = {
					5F31FC2C209E573D00B8CC65 = {
						CreatedOnToolsVersion = 9.3;
					};
				};
			};
			buildConfigurationList = 5F31FC28209E573D00B8CC65 /* Build configuration list for PBXProject "minhas viagens" */;
			compatibilityVersion = "Xcode 9.3";
			developmentRegion = en;
			hasScannedForEncodings = 0;
			knownRegions = (
				en,
				Base,
			);
			mainGroup = 5F31FC24209E573D00B8CC65;
			productRefGroup = 5F31FC2E209E573D00B8CC65 /* Products */;
			projectDirPath = "";
			projectRoot = "";
			targets = (
				5F31FC2C209E573D00B8CC65 /* minhas viagens */,
			);
		};
/* End PBXProject section */

/* Begin PBXResourcesBuildPhase section */
		5F31FC2B209E573D00B8CC65 /* Resources */ = {
			isa = PBXResourcesBuildPhase;
			buildActionMask = 2147483647;
			files = (
				5F31FC3B209E573E00B8CC65 /* LaunchScreen.storyboard in Resources */,
				5F31FC38209E573E00B8CC65 /* Assets.xcassets in Resources */,
				5F31FC36209E573D00B8CC65 /* Main.storyboard in Resources */,
			);
			runOnlyForDeploymentPostprocessing = 0;
		};
/* End PBXResourcesBuildPhase section */

/* Begin PBXSourcesBuildPhase section */
		5F31FC29209E573D00B8CC65 /* Sources */ = {
			isa = PBXSourcesBuildPhase;
			buildActionMask = 2147483647;
			files = (
				5F2EEC5220E451260091CBC4 /* ArmazenamentoDados.swift in Sources */,
				5F31FC33209E573D00B8CC65 /* ViewController.swift in Sources */,
				5F31FC31209E573D00B8CC65 /* AppDelegate.swift in Sources */,
				5F31FC43209E5C8700B8CC65 /* LocaisViagemViewController.swift in Sources */,
			);
			runOnlyForDeploymentPostprocessing = 0;
		};
/* End PBXSourcesBuildPhase section */

/* Begin PBXVariantGroup section */
		5F31FC34209E573D00B8CC65 /* Main.storyboard */ = {
			isa = PBXVariantGroup;
			children = (
				5F31FC35209E573D00B8CC65 /* Base */,
			);
			name = Main.storyboard;
			sourceTree = "<group>";
		};
		5F31FC39209E573E00B8CC65 /* LaunchScreen.storyboard */ = {
			isa = PBXVariantGroup;
			children = (
				5F31FC3A209E573E00B8CC65 /* Base */,
			);
			name = LaunchScreen.storyboard;
			sourceTree = "<group>";
		};
/* End PBXVariantGroup section */

/* Begin XCBuildConfiguration section */
		5F31FC3D209E573E00B8CC65 /* Debug */ = {
			isa = XCBuildConfiguration;
			buildSettings = {
				ALWAYS_SEARCH_USER_PATHS = NO;
				CLANG_ANALYZER_NONNULL = YES;
				CLANG_ANALYZER_NUMBER_OBJECT_CONVERSION = YES_AGGRESSIVE;
				CLANG_CXX_LANGUAGE_STANDARD = "gnu++14";
				CLANG_CXX_LIBRARY = "libc++";
				CLANG_ENABLE_MODULES = YES;
				CLANG_ENABLE_OBJC_ARC = YES;
				CLANG_ENABLE_OBJC_WEAK = YES;
				CLANG_WARN_BLOCK_CAPTURE_AUTORELEASING = YES;
				CLANG_WARN_BOOL_CONVERSION = YES;
				CLANG_WARN_COMMA = YES;
				CLANG_WARN_CONSTANT_CONVERSION = YES;
				CLANG_WARN_DEPRECATED_OBJC_IMPLEMENTATIONS = YES;
				CLANG_WARN_DIRECT_OBJC_ISA_USAGE = YES_ERROR;
				CLANG_WARN_DOCUMENTATION_COMMENTS = YES;
				CLANG_WARN_EMPTY_BODY = YES;
				CLANG_WARN_ENUM_CONVERSION = YES;
				CLANG_WARN_INFINITE_RECURSION = YES;
				CLANG_WARN_INT_CONVERSION = YES;
				CLANG_WARN_NON_LITERAL_NULL_CONVERSION = YES;
				CLANG_WARN_OBJC_IMPLICIT_RETAIN_SELF = YES;
				CLANG_WARN_OBJC_LITERAL_CONVERSION = YES;
				CLANG_WARN_OBJC_ROOT_CLASS = YES_ERROR;
				CLANG_WARN_RANGE_LOOP_ANALYSIS = YES;
				CLANG_WARN_STRICT_PROTOTYPES = YES;
				CLANG_WARN_SUSPICIOUS_MOVE = YES;
				CLANG_WARN_UNGUARDED_AVAILABILITY = YES_AGGRESSIVE;
				CLANG_WARN_UNREACHABLE_CODE = YES;
				CLANG_WARN__DUPLICATE_METHOD_MATCH = YES;
				CODE_SIGN_IDENTITY = "iPhone Developer";
				COPY_PHASE_STRIP = NO;
				DEBUG_INFORMATION_FORMAT = dwarf;
				ENABLE_STRICT_OBJC_MSGSEND = YES;
				ENABLE_TESTABILITY = YES;
				GCC_C_LANGUAGE_STANDARD = gnu11;
				GCC_DYNAMIC_NO_PIC = NO;
				GCC_NO_COMMON_BLOCKS = YES;
				GCC_OPTIMIZATION_LEVEL = 0;
				GCC_PREPROCESSOR_DEFINITIONS = (
					"DEBUG=1",
					"$(inherited)",
				);
				GCC_WARN_64_TO_32_BIT_CONVERSION = YES;
				GCC_WARN_ABOUT_RETURN_TYPE = YES_ERROR;
				GCC_WARN_UNDECLARED_SELECTOR = YES;
				GCC_WARN_UNINITIALIZED_AUTOS = YES_AGGRESSIVE;
				GCC_WARN_UNUSED_FUNCTION = YES;
				GCC_WARN_UNUSED_VARIABLE = YES;
				IPHONEOS_DEPLOYMENT_TARGET = 11.3;
				MTL_ENABLE_DEBUG_INFO = YES;
				ONLY_ACTIVE_ARCH = YES;
				SDKROOT = iphoneos;
				SWIFT_ACTIVE_COMPILATION_CONDITIONS = DEBUG;
				SWIFT_OPTIMIZATION_LEVEL = "-Onone";
			};
			name = Debug;
		};
		5F31FC3E209E573E00B8CC65 /* Release */ = {
			isa = XCBuildConfiguration;
			buildSettings = {
				ALWAYS_SEARCH_USER_PATHS = NO;
				CLANG_ANALYZER_NONNULL = YES;
				CLANG_ANALYZER_NUMBER_OBJECT_CONVERSION = YES_AGGRESSIVE;
				CLANG_CXX_LANGUAGE_STANDARD = "gnu++14";
				CLANG_CXX_LIBRARY = "libc++";
				CLANG_ENABLE_MODULES = YES;
				CLANG_ENABLE_OBJC_ARC = YES;
				CLANG_ENABLE_OBJC_WEAK = YES;
				CLANG_WARN_BLOCK_CAPTURE_AUTORELEASING = YES;
				CLANG_WARN_BOOL_CONVERSION = YES;
				CLANG_WARN_COMMA = YES;
				CLANG_WARN_CONSTANT_CONVERSION = YES;
				CLANG_WARN_DEPRECATED_OBJC_IMPLEMENTATIONS = YES;
				CLANG_WARN_DIRECT_OBJC_ISA_USAGE = YES_ERROR;
				CLANG_WARN_DOCUMENTATION_COMMENTS = YES;
				CLANG_WARN_EMPTY_BODY = YES;
				CLANG_WARN_ENUM_CONVERSION = YES;
				CLANG_WARN_INFINITE_RECURSION = YES;
				CLANG_WARN_INT_CONVERSION = YES;
				CLANG_WARN_NON_LITERAL_NULL_CONVERSION = YES;
				CLANG_WARN_OBJC_IMPLICIT_RETAIN_SELF = YES;
				CLANG_WARN_OBJC_LITERAL_CONVERSION = YES;
				CLANG_WARN_OBJC_ROOT_CLASS = YES_ERROR;
				CLANG_WARN_RANGE_LOOP_ANALYSIS = YES;
				CLANG_WARN_STRICT_PROTOTYPES = YES;
				CLANG_WARN_SUSPICIOUS_MOVE = YES;
				CLANG_WARN_UNGUARDED_AVAILABILITY = YES_AGGRESSIVE;
				CLANG_WARN_UNREACHABLE_CODE = YES;
				CLANG_WARN__DUPLICATE_METHOD_MATCH = YES;
				CODE_SIGN_IDENTITY = "iPhone Developer";
				COPY_PHASE_STRIP = NO;
				DEBUG_INFORMATION_FORMAT = "dwarf-with-dsym";
				ENABLE_NS_ASSERTIONS = NO;
				ENABLE_STRICT_OBJC_MSGSEND = YES;
				GCC_C_LANGUAGE_STANDARD = gnu11;
				GCC_NO_COMMON_BLOCKS = YES;
				GCC_WARN_64_TO_32_BIT_CONVERSION = YES;
				GCC_WARN_ABOUT_RETURN_TYPE = YES_ERROR;
				GCC_WARN_UNDECLARED_SELECTOR = YES;
				GCC_WARN_UNINITIALIZED_AUTOS = YES_AGGRESSIVE;
				GCC_WARN_UNUSED_FUNCTION = YES;
				GCC_WARN_UNUSED_VARIABLE = YES;
				IPHONEOS_DEPLOYMENT_TARGET = 11.3;
				MTL_ENABLE_DEBUG_INFO = NO;
				SDKROOT = iphoneos;
				SWIFT_COMPILATION_MODE = wholemodule;
				SWIFT_OPTIMIZATION_LEVEL = "-O";
				VALIDATE_PRODUCT = YES;
			};
			name = Release;
		};
		5F31FC40209E573E00B8CC65 /* Debug */ = {
			isa = XCBuildConfiguration;
			buildSettings = {
				ASSETCATALOG_COMPILER_APPICON_NAME = AppIcon;
				CODE_SIGN_STYLE = Automatic;
				DEVELOPMENT_TEAM = 36E9NGVVGC;
				INFOPLIST_FILE = "minhas viagens/Info.plist";
				LD_RUNPATH_SEARCH_PATHS = (
					"$(inherited)",
					"@executable_path/Frameworks",
				);
				PRODUCT_BUNDLE_IDENTIFIER = "br.com.hicharles.minhas-viagens";
				PRODUCT_NAME = "$(TARGET_NAME)";
				SWIFT_VERSION = 4.0;
				TARGETED_DEVICE_FAMILY = "1,2";
			};
			name = Debug;
		};
		5F31FC41209E573E00B8CC65 /* Release */ = {
			isa = XCBuildConfiguration;
			buildSettings = {
				ASSETCATALOG_COMPILER_APPICON_NAME = AppIcon;
				CODE_SIGN_STYLE = Automatic;
				DEVELOPMENT_TEAM = 36E9NGVVGC;
				INFOPLIST_FILE = "minhas viagens/Info.plist";
				LD_RUNPATH_SEARCH_PATHS = (
					"$(inherited)",
					"@executable_path/Frameworks",
				);
				PRODUCT_BUNDLE_IDENTIFIER = "br.com.hicharles.minhas-viagens";
				PRODUCT_NAME = "$(TARGET_NAME)";
				SWIFT_VERSION = 4.0;
				TARGETED_DEVICE_FAMILY = "1,2";
			};
			name = Release;
		};
/* End XCBuildConfiguration section */

/* Begin XCConfigurationList section */
		5F31FC28209E573D00B8CC65 /* Build configuration list for PBXProject "minhas viagens" */ = {
			isa = XCConfigurationList;
			buildConfigurations = (
				5F31FC3D209E573E00B8CC65 /* Debug */,
				5F31FC3E209E573E00B8CC65 /* Release */,
			);
			defaultConfigurationIsVisible = 0;
			defaultConfigurationName = Release;
		};
		5F31FC3F209E573E00B8CC65 /* Build configuration list for PBXNativeTarget "minhas viagens" */ = {
			isa = XCConfigurationList;
			buildConfigurations = (
				5F31FC40209E573E00B8CC65 /* Debug */,
				5F31FC41209E573E00B8CC65 /* Release */,
			);
			defaultConfigurationIsVisible = 0;
			defaultConfigurationName = Release;
		};
/* End XCConfigurationList section */
	};
	rootObject = 5F31FC25209E573D00B8CC65 /* Project object */;
}
